
Microsoft Visual Studio Solution File, Format Version 12.00
# Visual Studio Version 16
VisualStudioVersion = 16.0.30907.101
MinimumVisualStudioVersion = 10.0.40219.1
Project("{FAE04EC0-301F-11D3-BF4B-00C04F79EFBC}") = "Metotlar", "Metotlar\Metotlar.csproj", "{C75E0F33-F445-4F4D-8ED0-79A674FEB511}"
EndProject
Project("{FAE04EC0-301F-11D3-BF4B-00C04F79EFBC}") = "Matematik", "Matematik\Matematik.csproj", "{7615A5A5-C438-4BA0-924C-A28717B90DDD}"
EndProject
Project("{FAE04EC0-301F-11D3-BF4B-00C04F79EFBC}") = "DegerVeReferansTipler", "DegerVeReferansTipler\DegerVeReferansTipler.csproj", "{3F835670-E89F-4A48-B254-F03206E9365E}"
EndProject
Global
	GlobalSection(SolutionConfigurationPlatforms) = preSolution
		Debug|Any CPU = Debug|Any CPU
		Release|Any CPU = Release|Any CPU
	EndGlobalSection
	GlobalSection(ProjectConfigurationPlatforms) = postSolution
		{C75E0F33-F445-4F4D-8ED0-79A674FEB511}.Debug|Any CPU.ActiveCfg = Debug|Any CPU
		{C75E0F33-F445-4F4D-8ED0-79A674FEB511}.Debug|Any CPU.Build.0 = Debug|Any CPU
		{C75E0F33-F445-4F4D-8ED0-79A674FEB511}.Release|Any CPU.ActiveCfg = Release|Any CPU
		{C75E0F33-F445-4F4D-8ED0-79A674FEB511}.Release|Any CPU.Build.0 = Release|Any CPU
		{7615A5A5-C438-4BA0-924C-A28717B90DDD}.Debug|Any CPU.ActiveCfg = Debug|Any CPU
		{7615A5A5-C438-4BA0-924C-A28717B90DDD}.Debug|Any CPU.Build.0 = Debug|Any CPU
		{7615A5A5-C438-4BA0-924C-A28717B90DDD}.Release|Any CPU.ActiveCfg = Release|Any CPU
		{7615A5A5-C438-4BA0-924C-A28717B90DDD}.Release|Any CPU.Build.0 = Release|Any CPU
		{3F835670-E89F-4A48-B254-F03206E9365E}.Debug|Any CPU.ActiveCfg = Debug|Any CPU
		{3F835670-E89F-4A48-B254-F03206E9365E}.Debug|Any CPU.Build.0 = Debug|Any CPU
		{3F835670-E89F-4A48-B254-F03206E9365E}.Release|Any CPU.ActiveCfg = Release|Any CPU
		{3F835670-E89F-4A48-B254-F03206E9365E}.Release|Any CPU.Build.0 = Release|Any CPU
	EndGlobalSection
	GlobalSection(SolutionProperties) = preSolution
		HideSolutionNode = FALSE
	EndGlobalSection
	GlobalSection(ExtensibilityGlobals) = postSolution
		SolutionGuid = {1FDC91D2-FD96-4015-BB37-392DC50CB5E4}
	EndGlobalSection
EndGlobal
